
Microsoft Visual Studio Solution File, Format Version 12.00
# Visual Studio Version 17
VisualStudioVersion = 17.11.35327.3
MinimumVisualStudioVersion = 10.0.40219.1
Project("{9A19103F-16F7-4668-BE54-9A1E7A4F7556}") = "cluster.Shared", "cluster.Shared\cluster.Shared.csproj", "{322A1B94-F1AA-4EFC-BA42-9D3D92CBE353}"
EndProject
Project("{9A19103F-16F7-4668-BE54-9A1E7A4F7556}") = "cluster.Web", "cluster.Web\cluster.Web.csproj", "{BA07C9C6-0B20-42F6-9AE6-3F7C4CE7187E}"
EndProject
Project("{FAE04EC0-301F-11D3-BF4B-00C04F79EFBC}") = "cluster.Api", "cluster.Api\cluster.Api.csproj", "{1E630B7C-B8DA-4C9D-9B7D-91DDD6FA7CF3}"
EndProject
Global
	GlobalSection(SolutionConfigurationPlatforms) = preSolution
		Debug|Any CPU = Debug|Any CPU
		Release|Any CPU = Release|Any CPU
	EndGlobalSection
	GlobalSection(ProjectConfigurationPlatforms) = postSolution
		{322A1B94-F1AA-4EFC-BA42-9D3D92CBE353}.Debug|Any CPU.ActiveCfg = Debug|Any CPU
		{322A1B94-F1AA-4EFC-BA42-9D3D92CBE353}.Debug|Any CPU.Build.0 = Debug|Any CPU
		{322A1B94-F1AA-4EFC-BA42-9D3D92CBE353}.Release|Any CPU.ActiveCfg = Release|Any CPU
		{322A1B94-F1AA-4EFC-BA42-9D3D92CBE353}.Release|Any CPU.Build.0 = Release|Any CPU
		{BA07C9C6-0B20-42F6-9AE6-3F7C4CE7187E}.Debug|Any CPU.ActiveCfg = Debug|Any CPU
		{BA07C9C6-0B20-42F6-9AE6-3F7C4CE7187E}.Debug|Any CPU.Build.0 = Debug|Any CPU
		{BA07C9C6-0B20-42F6-9AE6-3F7C4CE7187E}.Release|Any CPU.ActiveCfg = Release|Any CPU
		{BA07C9C6-0B20-42F6-9AE6-3F7C4CE7187E}.Release|Any CPU.Build.0 = Release|Any CPU
		{1E630B7C-B8DA-4C9D-9B7D-91DDD6FA7CF3}.Debug|Any CPU.ActiveCfg = Debug|Any CPU
		{1E630B7C-B8DA-4C9D-9B7D-91DDD6FA7CF3}.Debug|Any CPU.Build.0 = Debug|Any CPU
		{1E630B7C-B8DA-4C9D-9B7D-91DDD6FA7CF3}.Release|Any CPU.ActiveCfg = Release|Any CPU
		{1E630B7C-B8DA-4C9D-9B7D-91DDD6FA7CF3}.Release|Any CPU.Build.0 = Release|Any CPU
	EndGlobalSection
	GlobalSection(SolutionProperties) = preSolution
		HideSolutionNode = FALSE
	EndGlobalSection
	GlobalSection(ExtensibilityGlobals) = postSolution
		SolutionGuid = {F301A129-79D6-49CE-A4A1-C98814F90019}
	EndGlobalSection
EndGlobal
